
Microsoft Visual Studio Solution File, Format Version 12.00
# Visual Studio Version 17
VisualStudioVersion = 17.3.32922.545
MinimumVisualStudioVersion = 10.0.40219.1
Project("{FAE04EC0-301F-11D3-BF4B-00C04F79EFBC}") = "MigracjaDanych", "MigracjaDanych\MigracjaDanych.csproj", "{881815A4-FCE0-4287-BA03-59A5526EF166}"
EndProject
Global
	GlobalSection(SolutionConfigurationPlatforms) = preSolution
		Debug|Any CPU = Debug|Any CPU
		Release|Any CPU = Release|Any CPU
	EndGlobalSection
	GlobalSection(ProjectConfigurationPlatforms) = postSolution
		{881815A4-FCE0-4287-BA03-59A5526EF166}.Debug|Any CPU.ActiveCfg = Debug|Any CPU
		{881815A4-FCE0-4287-BA03-59A5526EF166}.Debug|Any CPU.Build.0 = Debug|Any CPU
		{881815A4-FCE0-4287-BA03-59A5526EF166}.Release|Any CPU.ActiveCfg = Release|Any CPU
		{881815A4-FCE0-4287-BA03-59A5526EF166}.Release|Any CPU.Build.0 = Release|Any CPU
	EndGlobalSection
	GlobalSection(SolutionProperties) = preSolution
		HideSolutionNode = FALSE
	EndGlobalSection
	GlobalSection(ExtensibilityGlobals) = postSolution
		SolutionGuid = {A9A27888-74A1-45C0-B55D-4ECD8EE817D7}
	EndGlobalSection
EndGlobal
